
Microsoft Visual Studio Solution File, Format Version 12.00
# Visual Studio Version 17
VisualStudioVersion = 17.11.35327.3
MinimumVisualStudioVersion = 10.0.40219.1
Project("{FAE04EC0-301F-11D3-BF4B-00C04F79EFBC}") = "opgave-c2", "opgave-c2.csproj", "{BD3238CE-70A0-449D-8D37-23E4AA33F3FC}"
EndProject
Global
	GlobalSection(SolutionConfigurationPlatforms) = preSolution
		Debug|Any CPU = Debug|Any CPU
		Release|Any CPU = Release|Any CPU
	EndGlobalSection
	GlobalSection(ProjectConfigurationPlatforms) = postSolution
		{BD3238CE-70A0-449D-8D37-23E4AA33F3FC}.Debug|Any CPU.ActiveCfg = Debug|Any CPU
		{BD3238CE-70A0-449D-8D37-23E4AA33F3FC}.Debug|Any CPU.Build.0 = Debug|Any CPU
		{BD3238CE-70A0-449D-8D37-23E4AA33F3FC}.Release|Any CPU.ActiveCfg = Release|Any CPU
		{BD3238CE-70A0-449D-8D37-23E4AA33F3FC}.Release|Any CPU.Build.0 = Release|Any CPU
	EndGlobalSection
	GlobalSection(SolutionProperties) = preSolution
		HideSolutionNode = FALSE
	EndGlobalSection
	GlobalSection(ExtensibilityGlobals) = postSolution
		SolutionGuid = {C7381580-B394-4EFF-90AF-B90532B4FB31}
	EndGlobalSection
EndGlobal
