
Microsoft Visual Studio Solution File, Format Version 12.00
# Visual Studio Version 17
VisualStudioVersion = 17.11.35327.3
MinimumVisualStudioVersion = 10.0.40219.1
Project("{FAE04EC0-301F-11D3-BF4B-00C04F79EFBC}") = "dag 1 øvelse 3", "dag 1 øvelse 3.csproj", "{696677C5-C638-4314-B347-7DDF4F28CE48}"
EndProject
Global
	GlobalSection(SolutionConfigurationPlatforms) = preSolution
		Debug|Any CPU = Debug|Any CPU
		Release|Any CPU = Release|Any CPU
	EndGlobalSection
	GlobalSection(ProjectConfigurationPlatforms) = postSolution
		{696677C5-C638-4314-B347-7DDF4F28CE48}.Debug|Any CPU.ActiveCfg = Debug|Any CPU
		{696677C5-C638-4314-B347-7DDF4F28CE48}.Debug|Any CPU.Build.0 = Debug|Any CPU
		{696677C5-C638-4314-B347-7DDF4F28CE48}.Release|Any CPU.ActiveCfg = Release|Any CPU
		{696677C5-C638-4314-B347-7DDF4F28CE48}.Release|Any CPU.Build.0 = Release|Any CPU
	EndGlobalSection
	GlobalSection(SolutionProperties) = preSolution
		HideSolutionNode = FALSE
	EndGlobalSection
	GlobalSection(ExtensibilityGlobals) = postSolution
		SolutionGuid = {24D3493C-0820-4EE5-9E0F-E963092535E4}
	EndGlobalSection
EndGlobal
