
Microsoft Visual Studio Solution File, Format Version 12.00
# Visual Studio Version 17
VisualStudioVersion = 17.11.35327.3
MinimumVisualStudioVersion = 10.0.40219.1
Project("{FAE04EC0-301F-11D3-BF4B-00C04F79EFBC}") = "opjekt dag 1", "opjekt dag 1.csproj", "{182835E2-AFC6-4B74-90A6-4FAE8110715C}"
EndProject
Global
	GlobalSection(SolutionConfigurationPlatforms) = preSolution
		Debug|Any CPU = Debug|Any CPU
		Release|Any CPU = Release|Any CPU
	EndGlobalSection
	GlobalSection(ProjectConfigurationPlatforms) = postSolution
		{182835E2-AFC6-4B74-90A6-4FAE8110715C}.Debug|Any CPU.ActiveCfg = Debug|Any CPU
		{182835E2-AFC6-4B74-90A6-4FAE8110715C}.Debug|Any CPU.Build.0 = Debug|Any CPU
		{182835E2-AFC6-4B74-90A6-4FAE8110715C}.Release|Any CPU.ActiveCfg = Release|Any CPU
		{182835E2-AFC6-4B74-90A6-4FAE8110715C}.Release|Any CPU.Build.0 = Release|Any CPU
	EndGlobalSection
	GlobalSection(SolutionProperties) = preSolution
		HideSolutionNode = FALSE
	EndGlobalSection
	GlobalSection(ExtensibilityGlobals) = postSolution
		SolutionGuid = {34E310D2-289B-441E-851A-D0D111B01CF3}
	EndGlobalSection
EndGlobal
