
Microsoft Visual Studio Solution File, Format Version 12.00
# Visual Studio Version 17
VisualStudioVersion = 17.11.35327.3
MinimumVisualStudioVersion = 10.0.40219.1
Project("{FAE04EC0-301F-11D3-BF4B-00C04F79EFBC}") = "aflslutning opgave obejkt", "aflslutning opgave obejkt.csproj", "{A406065F-58D0-44E7-87D0-87EB71B90382}"
EndProject
Global
	GlobalSection(SolutionConfigurationPlatforms) = preSolution
		Debug|Any CPU = Debug|Any CPU
		Release|Any CPU = Release|Any CPU
	EndGlobalSection
	GlobalSection(ProjectConfigurationPlatforms) = postSolution
		{A406065F-58D0-44E7-87D0-87EB71B90382}.Debug|Any CPU.ActiveCfg = Debug|Any CPU
		{A406065F-58D0-44E7-87D0-87EB71B90382}.Debug|Any CPU.Build.0 = Debug|Any CPU
		{A406065F-58D0-44E7-87D0-87EB71B90382}.Release|Any CPU.ActiveCfg = Release|Any CPU
		{A406065F-58D0-44E7-87D0-87EB71B90382}.Release|Any CPU.Build.0 = Release|Any CPU
	EndGlobalSection
	GlobalSection(SolutionProperties) = preSolution
		HideSolutionNode = FALSE
	EndGlobalSection
	GlobalSection(ExtensibilityGlobals) = postSolution
		SolutionGuid = {3A4B4D44-B07F-467F-9C09-B57349D0C398}
	EndGlobalSection
EndGlobal
